
Microsoft Visual Studio Solution File, Format Version 12.00
# Visual Studio Version 17
VisualStudioVersion = 17.11.35222.181
MinimumVisualStudioVersion = 10.0.40219.1
Project("{FAE04EC0-301F-11D3-BF4B-00C04F79EFBC}") = "ConversorMoedas", "ConversorMoedas.csproj", "{802AE18D-8F24-434E-99A6-4572F4E9722E}"
EndProject
Global
	GlobalSection(SolutionConfigurationPlatforms) = preSolution
		Debug|Any CPU = Debug|Any CPU
		Release|Any CPU = Release|Any CPU
	EndGlobalSection
	GlobalSection(ProjectConfigurationPlatforms) = postSolution
		{802AE18D-8F24-434E-99A6-4572F4E9722E}.Debug|Any CPU.ActiveCfg = Debug|Any CPU
		{802AE18D-8F24-434E-99A6-4572F4E9722E}.Debug|Any CPU.Build.0 = Debug|Any CPU
		{802AE18D-8F24-434E-99A6-4572F4E9722E}.Release|Any CPU.ActiveCfg = Release|Any CPU
		{802AE18D-8F24-434E-99A6-4572F4E9722E}.Release|Any CPU.Build.0 = Release|Any CPU
	EndGlobalSection
	GlobalSection(SolutionProperties) = preSolution
		HideSolutionNode = FALSE
	EndGlobalSection
	GlobalSection(ExtensibilityGlobals) = postSolution
		SolutionGuid = {D2AF2E00-F8A9-4169-9C31-C077BC8ACB58}
	EndGlobalSection
EndGlobal
