
Microsoft Visual Studio Solution File, Format Version 12.00
# Visual Studio Version 17
VisualStudioVersion = 17.11.35219.272
MinimumVisualStudioVersion = 10.0.40219.1
Project("{FAE04EC0-301F-11D3-BF4B-00C04F79EFBC}") = "Gerador_de_Senha", "Gerador_de_Senha\Gerador_de_Senha.csproj", "{77BCA7BD-34C8-43B4-A9ED-9D5F980E6C28}"
EndProject
Global
	GlobalSection(SolutionConfigurationPlatforms) = preSolution
		Debug|Any CPU = Debug|Any CPU
		Release|Any CPU = Release|Any CPU
	EndGlobalSection
	GlobalSection(ProjectConfigurationPlatforms) = postSolution
		{77BCA7BD-34C8-43B4-A9ED-9D5F980E6C28}.Debug|Any CPU.ActiveCfg = Debug|Any CPU
		{77BCA7BD-34C8-43B4-A9ED-9D5F980E6C28}.Debug|Any CPU.Build.0 = Debug|Any CPU
		{77BCA7BD-34C8-43B4-A9ED-9D5F980E6C28}.Release|Any CPU.ActiveCfg = Release|Any CPU
		{77BCA7BD-34C8-43B4-A9ED-9D5F980E6C28}.Release|Any CPU.Build.0 = Release|Any CPU
	EndGlobalSection
	GlobalSection(SolutionProperties) = preSolution
		HideSolutionNode = FALSE
	EndGlobalSection
	GlobalSection(ExtensibilityGlobals) = postSolution
		SolutionGuid = {5739667D-32D9-48EF-BA59-C26E2A29D1D0}
	EndGlobalSection
EndGlobal
